
Microsoft Visual Studio Solution File, Format Version 12.00
# Visual Studio Version 17
VisualStudioVersion = 17.12.35527.113
MinimumVisualStudioVersion = 10.0.40219.1
Project("{9A19103F-16F7-4668-BE54-9A1E7A4F7556}") = "ProductApi", "ProductApi\ProductApi.csproj", "{F15209DA-FEB5-4057-95CE-5DDB3725C04C}"
EndProject
Project("{9A19103F-16F7-4668-BE54-9A1E7A4F7556}") = "IdentityApi", "IdentityApi\IdentityApi.csproj", "{E95A6749-14F8-4E47-ABBA-0FA0BA5B729F}"
EndProject
Project("{9A19103F-16F7-4668-BE54-9A1E7A4F7556}") = "ShoppingCartApi", "ShoppingCartApi\ShoppingCartApi.csproj", "{D308A7E8-4866-4702-8D43-6103466B1BE1}"
EndProject
Project("{9A19103F-16F7-4668-BE54-9A1E7A4F7556}") = "SecurityModels", "ApiSecurityModels\SecurityModels.csproj", "{D91E9EB1-E365-48CD-8463-CBDA69C870FA}"
EndProject
Project("{2150E333-8FDC-42A3-9474-1A3956D46DE8}") = "Lib", "Lib", "{F36DE982-37A2-4526-BB61-ABC60CC6CA85}"
EndProject
Project("{9A19103F-16F7-4668-BE54-9A1E7A4F7556}") = "LoggerModels", "ApiLoggerModels\LoggerModels.csproj", "{879C500A-F6A0-482A-8E42-31F8457740DC}"
EndProject
Project("{9A19103F-16F7-4668-BE54-9A1E7A4F7556}") = "CouponApi", "CouponApi\CouponApi.csproj", "{4C69C775-93FB-49E0-9F1E-153002C41728}"
EndProject
Project("{9A19103F-16F7-4668-BE54-9A1E7A4F7556}") = "OrderApi", "OrderApi\OrderApi.csproj", "{6937CBE8-59E0-4773-BB58-E67D038CFD69}"
EndProject
Project("{9A19103F-16F7-4668-BE54-9A1E7A4F7556}") = "ClientModels", "ApiClientModels\ClientModels.csproj", "{14B10F7F-3105-4600-9534-3A8D3AD298CE}"
EndProject
Project("{9A19103F-16F7-4668-BE54-9A1E7A4F7556}") = "MessageBus", "ApiMessageBus\MessageBus.csproj", "{18A005AF-E039-46D3-9324-3F44BEAF3036}"
EndProject
Project("{2150E333-8FDC-42A3-9474-1A3956D46DE8}") = "Api", "Api", "{4140D494-A366-4614-B6F7-9A1068A43142}"
EndProject
Project("{2150E333-8FDC-42A3-9474-1A3956D46DE8}") = "Job", "Job", "{43A76915-7FCD-4C01-800D-C3F771CBD804}"
EndProject
Project("{9A19103F-16F7-4668-BE54-9A1E7A4F7556}") = "OrderJob", "OrderJob\OrderJob.csproj", "{22D942E6-798C-4BF5-BD4A-6BC8A6736FEB}"
EndProject
Project("{FAE04EC0-301F-11D3-BF4B-00C04F79EFBC}") = "ConfigApi", "ConfigApi\ConfigApi.csproj", "{52D9F842-7084-4DED-BFE3-A00B2F8321B0}"
EndProject
Project("{FAE04EC0-301F-11D3-BF4B-00C04F79EFBC}") = "ConfigModels", "ConfigModels\ConfigModels.csproj", "{C19A1A39-EBA4-4AEF-BFB7-01F0574F095F}"
EndProject
Global
	GlobalSection(SolutionConfigurationPlatforms) = preSolution
		Debug|Any CPU = Debug|Any CPU
		Release|Any CPU = Release|Any CPU
	EndGlobalSection
	GlobalSection(ProjectConfigurationPlatforms) = postSolution
		{F15209DA-FEB5-4057-95CE-5DDB3725C04C}.Debug|Any CPU.ActiveCfg = Debug|Any CPU
		{F15209DA-FEB5-4057-95CE-5DDB3725C04C}.Debug|Any CPU.Build.0 = Debug|Any CPU
		{F15209DA-FEB5-4057-95CE-5DDB3725C04C}.Release|Any CPU.ActiveCfg = Release|Any CPU
		{F15209DA-FEB5-4057-95CE-5DDB3725C04C}.Release|Any CPU.Build.0 = Release|Any CPU
		{E95A6749-14F8-4E47-ABBA-0FA0BA5B729F}.Debug|Any CPU.ActiveCfg = Debug|Any CPU
		{E95A6749-14F8-4E47-ABBA-0FA0BA5B729F}.Debug|Any CPU.Build.0 = Debug|Any CPU
		{E95A6749-14F8-4E47-ABBA-0FA0BA5B729F}.Release|Any CPU.ActiveCfg = Release|Any CPU
		{E95A6749-14F8-4E47-ABBA-0FA0BA5B729F}.Release|Any CPU.Build.0 = Release|Any CPU
		{D308A7E8-4866-4702-8D43-6103466B1BE1}.Debug|Any CPU.ActiveCfg = Debug|Any CPU
		{D308A7E8-4866-4702-8D43-6103466B1BE1}.Debug|Any CPU.Build.0 = Debug|Any CPU
		{D308A7E8-4866-4702-8D43-6103466B1BE1}.Release|Any CPU.ActiveCfg = Release|Any CPU
		{D308A7E8-4866-4702-8D43-6103466B1BE1}.Release|Any CPU.Build.0 = Release|Any CPU
		{D91E9EB1-E365-48CD-8463-CBDA69C870FA}.Debug|Any CPU.ActiveCfg = Debug|Any CPU
		{D91E9EB1-E365-48CD-8463-CBDA69C870FA}.Debug|Any CPU.Build.0 = Debug|Any CPU
		{D91E9EB1-E365-48CD-8463-CBDA69C870FA}.Release|Any CPU.ActiveCfg = Release|Any CPU
		{D91E9EB1-E365-48CD-8463-CBDA69C870FA}.Release|Any CPU.Build.0 = Release|Any CPU
		{879C500A-F6A0-482A-8E42-31F8457740DC}.Debug|Any CPU.ActiveCfg = Debug|Any CPU
		{879C500A-F6A0-482A-8E42-31F8457740DC}.Debug|Any CPU.Build.0 = Debug|Any CPU
		{879C500A-F6A0-482A-8E42-31F8457740DC}.Release|Any CPU.ActiveCfg = Release|Any CPU
		{879C500A-F6A0-482A-8E42-31F8457740DC}.Release|Any CPU.Build.0 = Release|Any CPU
		{4C69C775-93FB-49E0-9F1E-153002C41728}.Debug|Any CPU.ActiveCfg = Debug|Any CPU
		{4C69C775-93FB-49E0-9F1E-153002C41728}.Debug|Any CPU.Build.0 = Debug|Any CPU
		{4C69C775-93FB-49E0-9F1E-153002C41728}.Release|Any CPU.ActiveCfg = Release|Any CPU
		{4C69C775-93FB-49E0-9F1E-153002C41728}.Release|Any CPU.Build.0 = Release|Any CPU
		{6937CBE8-59E0-4773-BB58-E67D038CFD69}.Debug|Any CPU.ActiveCfg = Debug|Any CPU
		{6937CBE8-59E0-4773-BB58-E67D038CFD69}.Debug|Any CPU.Build.0 = Debug|Any CPU
		{6937CBE8-59E0-4773-BB58-E67D038CFD69}.Release|Any CPU.ActiveCfg = Release|Any CPU
		{6937CBE8-59E0-4773-BB58-E67D038CFD69}.Release|Any CPU.Build.0 = Release|Any CPU
		{14B10F7F-3105-4600-9534-3A8D3AD298CE}.Debug|Any CPU.ActiveCfg = Debug|Any CPU
		{14B10F7F-3105-4600-9534-3A8D3AD298CE}.Debug|Any CPU.Build.0 = Debug|Any CPU
		{14B10F7F-3105-4600-9534-3A8D3AD298CE}.Release|Any CPU.ActiveCfg = Release|Any CPU
		{14B10F7F-3105-4600-9534-3A8D3AD298CE}.Release|Any CPU.Build.0 = Release|Any CPU
		{18A005AF-E039-46D3-9324-3F44BEAF3036}.Debug|Any CPU.ActiveCfg = Debug|Any CPU
		{18A005AF-E039-46D3-9324-3F44BEAF3036}.Debug|Any CPU.Build.0 = Debug|Any CPU
		{18A005AF-E039-46D3-9324-3F44BEAF3036}.Release|Any CPU.ActiveCfg = Release|Any CPU
		{18A005AF-E039-46D3-9324-3F44BEAF3036}.Release|Any CPU.Build.0 = Release|Any CPU
		{22D942E6-798C-4BF5-BD4A-6BC8A6736FEB}.Debug|Any CPU.ActiveCfg = Debug|Any CPU
		{22D942E6-798C-4BF5-BD4A-6BC8A6736FEB}.Debug|Any CPU.Build.0 = Debug|Any CPU
		{22D942E6-798C-4BF5-BD4A-6BC8A6736FEB}.Release|Any CPU.ActiveCfg = Release|Any CPU
		{22D942E6-798C-4BF5-BD4A-6BC8A6736FEB}.Release|Any CPU.Build.0 = Release|Any CPU
		{52D9F842-7084-4DED-BFE3-A00B2F8321B0}.Debug|Any CPU.ActiveCfg = Debug|Any CPU
		{52D9F842-7084-4DED-BFE3-A00B2F8321B0}.Debug|Any CPU.Build.0 = Debug|Any CPU
		{52D9F842-7084-4DED-BFE3-A00B2F8321B0}.Release|Any CPU.ActiveCfg = Release|Any CPU
		{52D9F842-7084-4DED-BFE3-A00B2F8321B0}.Release|Any CPU.Build.0 = Release|Any CPU
		{C19A1A39-EBA4-4AEF-BFB7-01F0574F095F}.Debug|Any CPU.ActiveCfg = Debug|Any CPU
		{C19A1A39-EBA4-4AEF-BFB7-01F0574F095F}.Debug|Any CPU.Build.0 = Debug|Any CPU
		{C19A1A39-EBA4-4AEF-BFB7-01F0574F095F}.Release|Any CPU.ActiveCfg = Release|Any CPU
		{C19A1A39-EBA4-4AEF-BFB7-01F0574F095F}.Release|Any CPU.Build.0 = Release|Any CPU
	EndGlobalSection
	GlobalSection(SolutionProperties) = preSolution
		HideSolutionNode = FALSE
	EndGlobalSection
	GlobalSection(NestedProjects) = preSolution
		{F15209DA-FEB5-4057-95CE-5DDB3725C04C} = {4140D494-A366-4614-B6F7-9A1068A43142}
		{E95A6749-14F8-4E47-ABBA-0FA0BA5B729F} = {4140D494-A366-4614-B6F7-9A1068A43142}
		{D308A7E8-4866-4702-8D43-6103466B1BE1} = {4140D494-A366-4614-B6F7-9A1068A43142}
		{D91E9EB1-E365-48CD-8463-CBDA69C870FA} = {F36DE982-37A2-4526-BB61-ABC60CC6CA85}
		{879C500A-F6A0-482A-8E42-31F8457740DC} = {F36DE982-37A2-4526-BB61-ABC60CC6CA85}
		{4C69C775-93FB-49E0-9F1E-153002C41728} = {4140D494-A366-4614-B6F7-9A1068A43142}
		{6937CBE8-59E0-4773-BB58-E67D038CFD69} = {4140D494-A366-4614-B6F7-9A1068A43142}
		{14B10F7F-3105-4600-9534-3A8D3AD298CE} = {F36DE982-37A2-4526-BB61-ABC60CC6CA85}
		{18A005AF-E039-46D3-9324-3F44BEAF3036} = {F36DE982-37A2-4526-BB61-ABC60CC6CA85}
		{22D942E6-798C-4BF5-BD4A-6BC8A6736FEB} = {43A76915-7FCD-4C01-800D-C3F771CBD804}
		{52D9F842-7084-4DED-BFE3-A00B2F8321B0} = {4140D494-A366-4614-B6F7-9A1068A43142}
		{C19A1A39-EBA4-4AEF-BFB7-01F0574F095F} = {F36DE982-37A2-4526-BB61-ABC60CC6CA85}
	EndGlobalSection
	GlobalSection(ExtensibilityGlobals) = postSolution
		SolutionGuid = {6050CB6F-B9B8-4490-BE2E-0CA10412F8CC}
	EndGlobalSection
EndGlobal
